DEPENDENCIES
  as-symfony2
    path: .
    metadata: true

GRAPH
  as-apache2 (0.0.7)
  as-php (0.0.3)
    yum-epel (>= 0.0.0)
    yum-remi (>= 0.0.0)
  as-symfony2 (0.0.3)
    as-apache2 (>= 0.0.0)
    as-php (>= 0.0.0)
  yum (3.6.1)
  yum-epel (0.6.0)
    yum (~> 3.0)
  yum-remi (0.1.0)
    yum (>= 0.0.0)
